
Microsoft Visual Studio Solution File, Format Version 12.00
# Visual Studio Version 17
VisualStudioVersion = 17.4.33110.190
MinimumVisualStudioVersion = 10.0.40219.1
Project("{FAE04EC0-301F-11D3-BF4B-00C04F79EFBC}") = "Modul002_Variablen_Datentypen_Konventierung_Operatoren", "Modul002_Variablen_Datentypen_Konventierung_Operatoren\Modul002_Variablen_Datentypen_Konventierung_Operatoren.csproj", "{FE839F3B-6640-491B-8F3F-DC67BC6DF4DE}"
EndProject
Project("{FAE04EC0-301F-11D3-BF4B-00C04F79EFBC}") = "Modul002_Lab", "Modul002_Lab\Modul002_Lab.csproj", "{4A5E93A7-6BEF-4AFA-AB7C-E6D77337D722}"
EndProject
Project("{2150E333-8FDC-42A3-9474-1A3956D46DE8}") = "Modul002", "Modul002", "{3969EA91-3134-453D-A241-1C1DADBFA0E0}"
EndProject
Project("{FAE04EC0-301F-11D3-BF4B-00C04F79EFBC}") = "Modul003_Array_Bedingungen", "Modul003_Array_Bedingungen\Modul003_Array_Bedingungen.csproj", "{096C5F1F-AAF0-417D-84E9-A3BA47C3A22A}"
EndProject
Project("{FAE04EC0-301F-11D3-BF4B-00C04F79EFBC}") = "Modul003_Lab", "Modul003_Lab\Modul003_Lab.csproj", "{4808B6D7-0A29-4EC4-8F61-805A0279E354}"
EndProject
Project("{2150E333-8FDC-42A3-9474-1A3956D46DE8}") = "Modul003", "Modul003", "{BD893D59-1066-41CF-926D-2B7CFB3511DE}"
EndProject
Project("{FAE04EC0-301F-11D3-BF4B-00C04F79EFBC}") = "Modul004_Schleifen_Enums", "Modul004_Schleifen_Enums\Modul004_Schleifen_Enums.csproj", "{1D03FA04-2AFA-44E7-BDE1-374F8E346143}"
EndProject
Project("{2150E333-8FDC-42A3-9474-1A3956D46DE8}") = "Solution Items", "Solution Items", "{E1133D67-8FC8-4386-802A-432755BCA9F3}"
	ProjectSection(SolutionItems) = preProject
		FAQs.txt = FAQs.txt
	EndProjectSection
EndProject
Project("{FAE04EC0-301F-11D3-BF4B-00C04F79EFBC}") = "Modul005_Funktionen", "Modul005_Funktionen\Modul005_Funktionen.csproj", "{945BDD44-FE47-438F-BE93-B449D878D506}"
EndProject
Global
	GlobalSection(SolutionConfigurationPlatforms) = preSolution
		Debug|Any CPU = Debug|Any CPU
		Release|Any CPU = Release|Any CPU
	EndGlobalSection
	GlobalSection(ProjectConfigurationPlatforms) = postSolution
		{FE839F3B-6640-491B-8F3F-DC67BC6DF4DE}.Debug|Any CPU.ActiveCfg = Debug|Any CPU
		{FE839F3B-6640-491B-8F3F-DC67BC6DF4DE}.Debug|Any CPU.Build.0 = Debug|Any CPU
		{FE839F3B-6640-491B-8F3F-DC67BC6DF4DE}.Release|Any CPU.ActiveCfg = Release|Any CPU
		{FE839F3B-6640-491B-8F3F-DC67BC6DF4DE}.Release|Any CPU.Build.0 = Release|Any CPU
		{4A5E93A7-6BEF-4AFA-AB7C-E6D77337D722}.Debug|Any CPU.ActiveCfg = Debug|Any CPU
		{4A5E93A7-6BEF-4AFA-AB7C-E6D77337D722}.Debug|Any CPU.Build.0 = Debug|Any CPU
		{4A5E93A7-6BEF-4AFA-AB7C-E6D77337D722}.Release|Any CPU.ActiveCfg = Release|Any CPU
		{4A5E93A7-6BEF-4AFA-AB7C-E6D77337D722}.Release|Any CPU.Build.0 = Release|Any CPU
		{096C5F1F-AAF0-417D-84E9-A3BA47C3A22A}.Debug|Any CPU.ActiveCfg = Debug|Any CPU
		{096C5F1F-AAF0-417D-84E9-A3BA47C3A22A}.Debug|Any CPU.Build.0 = Debug|Any CPU
		{096C5F1F-AAF0-417D-84E9-A3BA47C3A22A}.Release|Any CPU.ActiveCfg = Release|Any CPU
		{096C5F1F-AAF0-417D-84E9-A3BA47C3A22A}.Release|Any CPU.Build.0 = Release|Any CPU
		{4808B6D7-0A29-4EC4-8F61-805A0279E354}.Debug|Any CPU.ActiveCfg = Debug|Any CPU
		{4808B6D7-0A29-4EC4-8F61-805A0279E354}.Debug|Any CPU.Build.0 = Debug|Any CPU
		{4808B6D7-0A29-4EC4-8F61-805A0279E354}.Release|Any CPU.ActiveCfg = Release|Any CPU
		{4808B6D7-0A29-4EC4-8F61-805A0279E354}.Release|Any CPU.Build.0 = Release|Any CPU
		{1D03FA04-2AFA-44E7-BDE1-374F8E346143}.Debug|Any CPU.ActiveCfg = Debug|Any CPU
		{1D03FA04-2AFA-44E7-BDE1-374F8E346143}.Debug|Any CPU.Build.0 = Debug|Any CPU
		{1D03FA04-2AFA-44E7-BDE1-374F8E346143}.Release|Any CPU.ActiveCfg = Release|Any CPU
		{1D03FA04-2AFA-44E7-BDE1-374F8E346143}.Release|Any CPU.Build.0 = Release|Any CPU
		{945BDD44-FE47-438F-BE93-B449D878D506}.Debug|Any CPU.ActiveCfg = Debug|Any CPU
		{945BDD44-FE47-438F-BE93-B449D878D506}.Debug|Any CPU.Build.0 = Debug|Any CPU
		{945BDD44-FE47-438F-BE93-B449D878D506}.Release|Any CPU.ActiveCfg = Release|Any CPU
		{945BDD44-FE47-438F-BE93-B449D878D506}.Release|Any CPU.Build.0 = Release|Any CPU
	EndGlobalSection
	GlobalSection(SolutionProperties) = preSolution
		HideSolutionNode = FALSE
	EndGlobalSection
	GlobalSection(NestedProjects) = preSolution
		{FE839F3B-6640-491B-8F3F-DC67BC6DF4DE} = {3969EA91-3134-453D-A241-1C1DADBFA0E0}
		{4A5E93A7-6BEF-4AFA-AB7C-E6D77337D722} = {3969EA91-3134-453D-A241-1C1DADBFA0E0}
		{096C5F1F-AAF0-417D-84E9-A3BA47C3A22A} = {BD893D59-1066-41CF-926D-2B7CFB3511DE}
		{4808B6D7-0A29-4EC4-8F61-805A0279E354} = {BD893D59-1066-41CF-926D-2B7CFB3511DE}
	EndGlobalSection
	GlobalSection(ExtensibilityGlobals) = postSolution
		SolutionGuid = {84DC8DDB-431E-4720-A7A5-73E3369C90F6}
	EndGlobalSection
EndGlobal
